
Microsoft Visual Studio Solution File, Format Version 12.00
# Visual Studio Version 16
VisualStudioVersion = 16.0.32106.194
MinimumVisualStudioVersion = 10.0.40219.1
Project("{9A19103F-16F7-4668-BE54-9A1E7A4F7556}") = "ChapterSonar", "ChapterSonar\ChapterSonar.csproj", "{E6A81C62-E790-4D19-82D8-830D84214247}"
EndProject
Project("{FAE04EC0-301F-11D3-BF4B-00C04F79EFBC}") = "UnitTest", "UnitTest\UnitTest.csproj", "{3290B359-B9B0-4877-9B19-35C5411218BC}"
EndProject
Global
	GlobalSection(SolutionConfigurationPlatforms) = preSolution
		Debug|Any CPU = Debug|Any CPU
		Release|Any CPU = Release|Any CPU
	EndGlobalSection
	GlobalSection(ProjectConfigurationPlatforms) = postSolution
		{E6A81C62-E790-4D19-82D8-830D84214247}.Debug|Any CPU.ActiveCfg = Debug|Any CPU
		{E6A81C62-E790-4D19-82D8-830D84214247}.Debug|Any CPU.Build.0 = Debug|Any CPU
		{E6A81C62-E790-4D19-82D8-830D84214247}.Release|Any CPU.ActiveCfg = Release|Any CPU
		{E6A81C62-E790-4D19-82D8-830D84214247}.Release|Any CPU.Build.0 = Release|Any CPU
		{3290B359-B9B0-4877-9B19-35C5411218BC}.Debug|Any CPU.ActiveCfg = Debug|Any CPU
		{3290B359-B9B0-4877-9B19-35C5411218BC}.Debug|Any CPU.Build.0 = Debug|Any CPU
		{3290B359-B9B0-4877-9B19-35C5411218BC}.Release|Any CPU.ActiveCfg = Release|Any CPU
		{3290B359-B9B0-4877-9B19-35C5411218BC}.Release|Any CPU.Build.0 = Release|Any CPU
	EndGlobalSection
	GlobalSection(SolutionProperties) = preSolution
		HideSolutionNode = FALSE
	EndGlobalSection
	GlobalSection(ExtensibilityGlobals) = postSolution
		SolutionGuid = {15116BAD-A6CF-45FE-B476-9D630BE2B0F1}
	EndGlobalSection
EndGlobal
